<?xml version="1.0" encoding="utf-8"?>
<Project ToolsVersion="4.0" xmlns="http://schemas.microsoft.com/developer/msbuild/2003">
  <ItemGroup>
    <Filter Include="Source Files">
      <UniqueIdentifier>{4FC737F1-C7A5-4376-A066-2A32D752A2FF}</UniqueIdentifier>
      <Extensions>cpp;c;cc;cxx;def;odl;idl;hpj;bat;asm;asmx</Extensions>
    </Filter>
    <Filter Include="Header Files">
      <UniqueIdentifier>{93995380-89BD-4b04-88EB-625FBE52EBFB}</UniqueIdentifier>
      <Extensions>h;hh;hpp;hxx;hm;inl;inc;ipp;xsd</Extensions>
    </Filter>
    <Filter Include="Resource Files">
      <UniqueIdentifier>{67DA6AB6-F800-4c08-8B7A-83BB121AAD01}</UniqueIdentifier>
      <Extensions>rc;ico;cur;bmp;dlg;rc2;rct;bin;rgs;gif;jpg;jpeg;jpe;resx;tiff;tif;png;wav;mfcribbon-ms</Extensions>
    </Filter>
    <Filter Include="Header Files\teste">
      <UniqueIdentifier>{c21f4b22-5f52-4524-9628-1ac3a589bc47}</UniqueIdentifier>
    </Filter>
    <Filter Include="Header Files\entitati">
      <UniqueIdentifier>{0f9a0567-4a31-4750-9d1c-1dfce0256093}</UniqueIdentifier>
    </Filter>
    <Filter Include="Source Files\entitati">
      <UniqueIdentifier>{67cff343-50df-4eb2-98a0-723185cdb59e}</UniqueIdentifier>
    </Filter>
    <Filter Include="Source Files\teste">
      <UniqueIdentifier>{34e56b28-e73c-4455-ba6a-e263dd437505}</UniqueIdentifier>
    </Filter>
    <Filter Include="Header Files\repo">
      <UniqueIdentifier>{0b773392-16a3-491d-9052-163315d2d330}</UniqueIdentifier>
    </Filter>
    <Filter Include="Resource Files\teste">
      <UniqueIdentifier>{b3dfca73-3367-4109-b518-1cf1cd488569}</UniqueIdentifier>
    </Filter>
    <Filter Include="Header Files\service">
      <UniqueIdentifier>{d4888a8b-07cb-444e-9301-7d2ce7c8c88b}</UniqueIdentifier>
    </Filter>
    <Filter Include="Source Files\service">
      <UniqueIdentifier>{0b9ff92d-28d8-4d55-ade9-520275fb32eb}</UniqueIdentifier>
    </Filter>
  </ItemGroup>
  <ItemGroup>
    <ClCompile Include="utils.cpp">
      <Filter>Source Files</Filter>
    </ClCompile>
    <ClCompile Include="animal_de_companie.cpp">
      <Filter>Source Files\entitati</Filter>
    </ClCompile>
    <ClCompile Include="produs_animal_companie.cpp">
      <Filter>Source Files\entitati</Filter>
    </ClCompile>
    <ClCompile Include="teste_animal_companie.cpp">
      <Filter>Source Files\teste</Filter>
    </ClCompile>
    <ClCompile Include="teste_produs_animal_companie.cpp">
      <Filter>Source Files\teste</Filter>
    </ClCompile>
    <ClCompile Include="teste_repo.cpp">
      <Filter>Source Files\teste</Filter>
    </ClCompile>
    <ClCompile Include="main.cpp">
      <Filter>Source Files</Filter>
    </ClCompile>
    <ClCompile Include="teste_repo_file.cpp">
      <Filter>Source Files\teste</Filter>
    </ClCompile>
    <ClCompile Include="animal_service.cpp">
      <Filter>Source Files\service</Filter>
    </ClCompile>
    <ClCompile Include="teste_service.cpp">
      <Filter>Source Files\teste</Filter>
    </ClCompile>
    <ClCompile Include="produs_service.cpp">
      <Filter>Source Files\service</Filter>
    </ClCompile>
    <ClCompile Include="ui.cpp">
      <Filter>Source Files</Filter>
    </ClCompile>
  </ItemGroup>
  <ItemGroup>
    <ClInclude Include="utils.h">
      <Filter>Header Files</Filter>
    </ClInclude>
    <ClInclude Include="teste_animal_companie.h">
      <Filter>Header Files\teste</Filter>
    </ClInclude>
    <ClInclude Include="animal_de_companie.h">
      <Filter>Header Files\entitati</Filter>
    </ClInclude>
    <ClInclude Include="produs_animal_companie.h">
      <Filter>Header Files\entitati</Filter>
    </ClInclude>
    <ClInclude Include="teste_produs_animal_companie.h">
      <Filter>Header Files\teste</Filter>
    </ClInclude>
    <ClInclude Include="repo.h">
      <Filter>Header Files\repo</Filter>
    </ClInclude>
    <ClInclude Include="teste_repo.h">
      <Filter>Header Files\teste</Filter>
    </ClInclude>
    <ClInclude Include="repo_file.h">
      <Filter>Header Files\repo</Filter>
    </ClInclude>
    <ClInclude Include="teste_repo_file.h">
      <Filter>Header Files\teste</Filter>
    </ClInclude>
    <ClInclude Include="animal_service.h">
      <Filter>Header Files\service</Filter>
    </ClInclude>
    <ClInclude Include="teste_service.h">
      <Filter>Header Files\teste</Filter>
    </ClInclude>
    <ClInclude Include="produs_service.h">
      <Filter>Header Files\service</Filter>
    </ClInclude>
    <ClInclude Include="ui.h">
      <Filter>Header Files</Filter>
    </ClInclude>
  </ItemGroup>
  <ItemGroup>
    <Text Include="teste_repo_file.txt">
      <Filter>Resource Files\teste</Filter>
    </Text>
    <Text Include="teste_service.txt">
      <Filter>Resource Files\teste</Filter>
    </Text>
    <Text Include="animale.txt">
      <Filter>Resource Files</Filter>
    </Text>
    <Text Include="produse.txt">
      <Filter>Resource Files</Filter>
    </Text>
  </ItemGroup>
</Project>